
Microsoft Visual Studio Solution File, Format Version 12.00
# Visual Studio Version 17
VisualStudioVersion = 17.1.31903.286
MinimumVisualStudioVersion = 10.0.40219.1
Project("{9A19103F-16F7-4668-BE54-9A1E7A4F7556}") = "MonsterTradingCardsGame", "MonsterTradingCardsGame\MonsterTradingCardsGame.csproj", "{2D1CFFE9-8E09-4203-AA8A-555D5532367D}"
EndProject
Project("{9A19103F-16F7-4668-BE54-9A1E7A4F7556}") = "MTCGTesting", "MTCGTesting\MTCGTesting.csproj", "{BE549E8E-BE3D-4526-815C-D05336F2052E}"
EndProject
Project("{2150E333-8FDC-42A3-9474-1A3956D46DE8}") = "Solution Items", "Solution Items", "{CBEEA48B-1731-41D0-9FA3-42D8CC51B107}"
	ProjectSection(SolutionItems) = preProject
		.editorconfig = .editorconfig
	EndProjectSection
EndProject
Global
	GlobalSection(SolutionConfigurationPlatforms) = preSolution
		Debug|Any CPU = Debug|Any CPU
		Release|Any CPU = Release|Any CPU
	EndGlobalSection
	GlobalSection(ProjectConfigurationPlatforms) = postSolution
		{2D1CFFE9-8E09-4203-AA8A-555D5532367D}.Debug|Any CPU.ActiveCfg = Debug|Any CPU
		{2D1CFFE9-8E09-4203-AA8A-555D5532367D}.Debug|Any CPU.Build.0 = Debug|Any CPU
		{2D1CFFE9-8E09-4203-AA8A-555D5532367D}.Release|Any CPU.ActiveCfg = Release|Any CPU
		{2D1CFFE9-8E09-4203-AA8A-555D5532367D}.Release|Any CPU.Build.0 = Release|Any CPU
		{BE549E8E-BE3D-4526-815C-D05336F2052E}.Debug|Any CPU.ActiveCfg = Debug|Any CPU
		{BE549E8E-BE3D-4526-815C-D05336F2052E}.Debug|Any CPU.Build.0 = Debug|Any CPU
		{BE549E8E-BE3D-4526-815C-D05336F2052E}.Release|Any CPU.ActiveCfg = Release|Any CPU
		{BE549E8E-BE3D-4526-815C-D05336F2052E}.Release|Any CPU.Build.0 = Release|Any CPU
	EndGlobalSection
	GlobalSection(SolutionProperties) = preSolution
		HideSolutionNode = FALSE
	EndGlobalSection
	GlobalSection(ExtensibilityGlobals) = postSolution
		SolutionGuid = {04743654-F970-48EC-BA10-C59163804D95}
	EndGlobalSection
EndGlobal
